
Microsoft Visual Studio Solution File, Format Version 12.00
# Visual Studio 15
VisualStudioVersion = 15.0.27130.2003
MinimumVisualStudioVersion = 10.0.40219.1
Project("{FAE04EC0-301F-11D3-BF4B-00C04F79EFBC}") = "SistemasLegales", "SistemasLegales\SistemasLegales.csproj", "{CE3FF2E6-615A-4708-9F3A-91B1BDBDF2BF}"
EndProject
Global
	GlobalSection(SolutionConfigurationPlatforms) = preSolution
		Debug|Any CPU = Debug|Any CPU
		Release|Any CPU = Release|Any CPU
	EndGlobalSection
	GlobalSection(ProjectConfigurationPlatforms) = postSolution
		{CE3FF2E6-615A-4708-9F3A-91B1BDBDF2BF}.Debug|Any CPU.ActiveCfg = Debug|Any CPU
		{CE3FF2E6-615A-4708-9F3A-91B1BDBDF2BF}.Debug|Any CPU.Build.0 = Debug|Any CPU
		{CE3FF2E6-615A-4708-9F3A-91B1BDBDF2BF}.Release|Any CPU.ActiveCfg = Release|Any CPU
		{CE3FF2E6-615A-4708-9F3A-91B1BDBDF2BF}.Release|Any CPU.Build.0 = Release|Any CPU
	EndGlobalSection
	GlobalSection(SolutionProperties) = preSolution
		HideSolutionNode = FALSE
	EndGlobalSection
	GlobalSection(ExtensibilityGlobals) = postSolution
		SolutionGuid = {2F83C9CC-71F4-4320-B9B6-EC61AFD50E57}
	EndGlobalSection
EndGlobal
